
Microsoft Visual Studio Solution File, Format Version 12.00
# Visual Studio 2017
Project("{FAE04EC0-301F-11D3-BF4B-00C04F79EFBC}") = "Week 3 Work", "Week 3 Work.csproj", "{8CB662CE-E42D-17FB-F27C-80164A835E77}"
EndProject
Global
	GlobalSection(SolutionConfigurationPlatforms) = preSolution
		Debug|Any CPU = Debug|Any CPU
		Release|Any CPU = Release|Any CPU
	EndGlobalSection
	GlobalSection(ProjectConfigurationPlatforms) = postSolution
		{8CB662CE-E42D-17FB-F27C-80164A835E77}.Debug|Any CPU.ActiveCfg = Debug|Any CPU
		{8CB662CE-E42D-17FB-F27C-80164A835E77}.Debug|Any CPU.Build.0 = Debug|Any CPU
		{8CB662CE-E42D-17FB-F27C-80164A835E77}.Release|Any CPU.ActiveCfg = Release|Any CPU
		{8CB662CE-E42D-17FB-F27C-80164A835E77}.Release|Any CPU.Build.0 = Release|Any CPU
	EndGlobalSection
	GlobalSection(SolutionProperties) = preSolution
		HideSolutionNode = FALSE
	EndGlobalSection
EndGlobal
